
Microsoft Visual Studio Solution File, Format Version 12.00
# Visual Studio Express 2012 for Windows Desktop
Project("{FAE04EC0-301F-11D3-BF4B-00C04F79EFBC}") = "RekamMedis", "RekamMedis\RekamMedis.csproj", "{F529E700-85BF-4041-AB68-CBE89C3F34CE}"
EndProject
Global
	GlobalSection(SolutionConfigurationPlatforms) = preSolution
		Debug|Any CPU = Debug|Any CPU
		Release|Any CPU = Release|Any CPU
	EndGlobalSection
	GlobalSection(ProjectConfigurationPlatforms) = postSolution
		{F529E700-85BF-4041-AB68-CBE89C3F34CE}.Debug|Any CPU.ActiveCfg = Debug|Any CPU
		{F529E700-85BF-4041-AB68-CBE89C3F34CE}.Debug|Any CPU.Build.0 = Debug|Any CPU
		{F529E700-85BF-4041-AB68-CBE89C3F34CE}.Release|Any CPU.ActiveCfg = Release|Any CPU
		{F529E700-85BF-4041-AB68-CBE89C3F34CE}.Release|Any CPU.Build.0 = Release|Any CPU
	EndGlobalSection
	GlobalSection(SolutionProperties) = preSolution
		HideSolutionNode = FALSE
	EndGlobalSection
EndGlobal
